
Microsoft Visual Studio Solution File, Format Version 12.00
# Visual Studio Version 17
VisualStudioVersion = 17.5.002.0
MinimumVisualStudioVersion = 10.0.40219.1
Project("{9A19103F-16F7-4668-BE54-9A1E7A4F7556}") = "DesafioProjetoHospedagem", "DesafioProjetoHospedagem.csproj", "{4CFBC1DA-C7DD-4CFA-89E4-BD0575D1F8ED}"
EndProject
Global
	GlobalSection(SolutionConfigurationPlatforms) = preSolution
		Debug|Any CPU = Debug|Any CPU
		Release|Any CPU = Release|Any CPU
	EndGlobalSection
	GlobalSection(ProjectConfigurationPlatforms) = postSolution
		{4CFBC1DA-C7DD-4CFA-89E4-BD0575D1F8ED}.Debug|Any CPU.ActiveCfg = Debug|Any CPU
		{4CFBC1DA-C7DD-4CFA-89E4-BD0575D1F8ED}.Debug|Any CPU.Build.0 = Debug|Any CPU
		{4CFBC1DA-C7DD-4CFA-89E4-BD0575D1F8ED}.Release|Any CPU.ActiveCfg = Release|Any CPU
		{4CFBC1DA-C7DD-4CFA-89E4-BD0575D1F8ED}.Release|Any CPU.Build.0 = Release|Any CPU
	EndGlobalSection
	GlobalSection(SolutionProperties) = preSolution
		HideSolutionNode = FALSE
	EndGlobalSection
	GlobalSection(ExtensibilityGlobals) = postSolution
		SolutionGuid = {337822DD-33A3-4F2A-8AE3-55EC927E1F16}
	EndGlobalSection
EndGlobal
